
Microsoft Visual Studio Solution File, Format Version 12.00
# Visual Studio Version 17
VisualStudioVersion = 17.14.37012.4 d17.14
MinimumVisualStudioVersion = 10.0.40219.1
Project("{FAE04EC0-301F-11D3-BF4B-00C04F79EFBC}") = "NoDozeTest", "NoDozeTest.csproj", "{4FAF80A5-C200-4CB5-BFCE-40D92EB6B2F1}"
EndProject
Global
	GlobalSection(SolutionConfigurationPlatforms) = preSolution
		Debug|Any CPU = Debug|Any CPU
		Release|Any CPU = Release|Any CPU
	EndGlobalSection
	GlobalSection(ProjectConfigurationPlatforms) = postSolution
		{4FAF80A5-C200-4CB5-BFCE-40D92EB6B2F1}.Debug|Any CPU.ActiveCfg = Debug|Any CPU
		{4FAF80A5-C200-4CB5-BFCE-40D92EB6B2F1}.Debug|Any CPU.Build.0 = Debug|Any CPU
		{4FAF80A5-C200-4CB5-BFCE-40D92EB6B2F1}.Release|Any CPU.ActiveCfg = Release|Any CPU
		{4FAF80A5-C200-4CB5-BFCE-40D92EB6B2F1}.Release|Any CPU.Build.0 = Release|Any CPU
	EndGlobalSection
	GlobalSection(SolutionProperties) = preSolution
		HideSolutionNode = FALSE
	EndGlobalSection
	GlobalSection(ExtensibilityGlobals) = postSolution
		SolutionGuid = {75A9CCAE-48BD-40A1-A226-8041A47A0686}
	EndGlobalSection
EndGlobal
